{
    "_readme": [
        "This file locks the dependencies of your project to a known state",
        "Read more about it at https://getcomposer.org/doc/01-basic-usage.md#installing-dependencies",
        "This file is @generated automatically"
    ],
    "content-hash": "b3b8ac9e01c95de03451f89a71bc0cbf",
    "packages": [
        {
            "name": "dragonmantank/cron-expression",
            "version": "v3.0.0",
            "source": {
                "type": "git",
                "url": "https://github.com/dragonmantank/cron-expression.git",
                "reference": "70c187e8d95c828fc93a2d09d63179c13381482e"
            },
            "dist": {
                "type": "zip",
                "url": "https://api.github.com/repos/dragonmantank/cron-expression/zipball/70c187e8d95c828fc93a2d09d63179c13381482e",
                "reference": "70c187e8d95c828fc93a2d09d63179c13381482e",
                "shasum": ""
            },
            "require": {
                "php": "^7.1"
            },
            "replace": {
                "mtdowling/cron-expression": "^1.0"
            },
            "require-dev": {
                "phpstan/phpstan": "^0.11",
                "phpunit/phpunit": "^6.4|^7.0"
            },
            "type": "library",
            "autoload": {
                "psr-4": {
                    "Cron\\": "src/Cron/"
                }
            },
            "notification-url": "https://packagist.org/downloads/",
            "license": [
                "MIT"
            ],
            "authors": [
                {
                    "name": "Chris Tankersley",
                    "email": "chris@ctankersley.com",
                    "homepage": "https://github.com/dragonmantank"
                }
            ],
            "description": "CRON for PHP: Calculate the next or previous run date and determine if a CRON expression is due",
            "keywords": [
                "cron",
                "schedule"
            ],
            "support": {
                "issues": "https://github.com/dragonmantank/cron-expression/issues",
                "source": "https://github.com/dragonmantank/cron-expression/tree/v3.0.0"
            },
            "funding": [
                {
                    "url": "https://github.com/dragonmantank",
                    "type": "github"
                }
            ],
            "time": "2020-03-25T18:33:19+00:00"
        },
        {
            "name": "hashids/hashids",
            "version": "4.0.0",
            "source": {
                "type": "git",
                "url": "https://github.com/vinkla/hashids.git",
                "reference": "43bb2407f16a631f0128f47bcb67ff986c63dde2"
            },
            "dist": {
                "type": "zip",
                "url": "https://api.github.com/repos/vinkla/hashids/zipball/43bb2407f16a631f0128f47bcb67ff986c63dde2",
                "reference": "43bb2407f16a631f0128f47bcb67ff986c63dde2",
                "shasum": ""
            },
            "require": {
                "ext-mbstring": "*",
                "php": "^7.2"
            },
            "require-dev": {
                "phpunit/phpunit": "^8.0"
            },
            "suggest": {
                "ext-bcmath": "Required to use BC Math arbitrary precision mathematics (*).",
                "ext-gmp": "Required to use GNU multiple precision mathematics (*)."
            },
            "type": "library",
            "extra": {
                "branch-alias": {
                    "dev-master": "4.0-dev"
                }
            },
            "autoload": {
                "psr-4": {
                    "Hashids\\": "src/"
                }
            },
            "notification-url": "https://packagist.org/downloads/",
            "license": [
                "MIT"
            ],
            "authors": [
                {
                    "name": "Ivan Akimov",
                    "email": "ivan@barreleye.com",
                    "homepage": "https://twitter.com/IvanAkimov"
                },
                {
                    "name": "Vincent Klaiber",
                    "email": "hello@doubledip.se",
                    "homepage": "https://doubledip.se"
                }
            ],
            "description": "Generate short, unique, non-sequential ids (like YouTube and Bitly) from numbers",
            "homepage": "http://hashids.org/php",
            "keywords": [
                "bitly",
                "decode",
                "encode",
                "hash",
                "hashid",
                "hashids",
                "ids",
                "obfuscate",
                "youtube"
            ],
            "support": {
                "issues": "https://github.com/vinkla/hashids/issues",
                "source": "https://github.com/vinkla/hashids/tree/4.0.0"
            },
            "time": "2019-04-03T13:40:29+00:00"
        },
        {
            "name": "uwebpro/wp-extends",
            "version": "v3.0",
            "source": {
                "type": "git",
                "url": "https://github.com/willpercey-gb/wp-extends.git",
                "reference": "354370a30b9ca5ebb0e5de35fa6d0063576da68b"
            },
            "dist": {
                "type": "zip",
                "url": "https://api.github.com/repos/willpercey-gb/wp-extends/zipball/354370a30b9ca5ebb0e5de35fa6d0063576da68b",
                "reference": "354370a30b9ca5ebb0e5de35fa6d0063576da68b",
                "shasum": ""
            },
            "require": {
                "php": ">=7.1"
            },
            "type": "library",
            "autoload": {
                "classmap": [
                    "Extends"
                ]
            },
            "notification-url": "https://packagist.org/downloads/",
            "license": [
                "MIT"
            ],
            "authors": [
                {
                    "name": "Will Percey",
                    "email": "info@uwebpro.com",
                    "homepage": "https://uwebpro.com/",
                    "role": "Developer"
                }
            ],
            "description": "A simple library to extend WP_Post",
            "homepage": "https://github.com/willpercey-gb/wp-extends",
            "keywords": [
                "WPPost",
                "WPQuery",
                "blog",
                "extend",
                "uwebpro",
                "wordpress"
            ],
            "support": {
                "issues": "https://github.com/willpercey-gb/wp-extends/issues",
                "source": "https://github.com/willpercey-gb/wp-extends/tree/master"
            },
            "time": "2020-07-05T11:52:08+00:00"
        },
        {
            "name": "uwebpro/wp-schedule",
            "version": "v1.0",
            "source": {
                "type": "git",
                "url": "https://github.com/willpercey-gb/WPSchedule.git",
                "reference": "e96223acf3243b7e3ab2a835ff97a994b245bb22"
            },
            "dist": {
                "type": "zip",
                "url": "https://api.github.com/repos/willpercey-gb/WPSchedule/zipball/e96223acf3243b7e3ab2a835ff97a994b245bb22",
                "reference": "e96223acf3243b7e3ab2a835ff97a994b245bb22",
                "shasum": ""
            },
            "require": {
                "dragonmantank/cron-expression": "^3.0",
                "php": ">=7.1"
            },
            "type": "library",
            "autoload": {
                "classmap": [
                    "WPSchedule"
                ]
            },
            "notification-url": "https://packagist.org/downloads/",
            "license": [
                "MIT"
            ],
            "authors": [
                {
                    "name": "Will Percey",
                    "email": "info@uwebpro.com",
                    "homepage": "https://uwebpro.com/",
                    "role": "Developer"
                }
            ],
            "description": "A laravel inspired cron scheduler for WordPress",
            "homepage": "https://github.com/willpercey-gb/",
            "keywords": [
                "blog",
                "cron",
                "laravel",
                "schedule",
                "uwebpro",
                "wordpress"
            ],
            "support": {
                "issues": "https://github.com/willpercey-gb/WPSchedule/issues",
                "source": "https://github.com/willpercey-gb/WPSchedule/tree/v1.0"
            },
            "time": "2020-04-24T18:33:39+00:00"
        }
    ],
    "packages-dev": [],
    "aliases": [],
    "minimum-stability": "stable",
    "stability-flags": [],
    "prefer-stable": false,
    "prefer-lowest": false,
    "platform": {
        "php": ">=7.1",
        "ext-json": "*"
    },
    "platform-dev": [],
    "plugin-api-version": "2.0.0"
}
